
Microsoft Visual Studio Solution File, Format Version 12.00
# Visual Studio 2013
VisualStudioVersion = 12.0.40629.0
MinimumVisualStudioVersion = 10.0.40219.1
Project("{FAE04EC0-301F-11D3-BF4B-00C04F79EFBC}") = "HelloWorld", "core\HelloWorld\HelloWorld.csproj", "{D1198246-E3B9-44A9-9274-33D830FF8C2C}"
EndProject
Project("{2150E333-8FDC-42A3-9474-1A3956D46DE8}") = "core", "core", "{2265D918-9CED-4E6A-A825-8A636355B012}"
EndProject
Project("{2150E333-8FDC-42A3-9474-1A3956D46DE8}") = "gdi", "gdi", "{6E4BEED5-FBC1-4301-9B26-AFB21017166D}"
EndProject
Project("{FAE04EC0-301F-11D3-BF4B-00C04F79EFBC}") = "HelloMigraDoc", "gdi\HelloMigraDoc\HelloMigraDoc.csproj", "{8533B853-07A5-43B0-8FC1-94E4164F465A}"
EndProject
Project("{2150E333-8FDC-42A3-9474-1A3956D46DE8}") = "wpf", "wpf", "{92AC1BBA-0A6F-410E-AC65-3D3A0EB5EFB6}"
EndProject
Project("{FAE04EC0-301F-11D3-BF4B-00C04F79EFBC}") = "HelloMigraDoc", "wpf\HelloMigraDoc\HelloMigraDoc.csproj", "{91F97FCC-F375-4900-B7E5-E90408BD7C72}"
EndProject
Project("{FAE04EC0-301F-11D3-BF4B-00C04F79EFBC}") = "Images", "gdi\Images\Images.csproj", "{F374E8DB-67D8-4062-9884-AE4A1BF90369}"
EndProject
Project("{FAE04EC0-301F-11D3-BF4B-00C04F79EFBC}") = "Images", "wpf\Images\Images.csproj", "{0ED93D01-2654-457E-B35E-4A9D4B85E37A}"
EndProject
Project("{FAE04EC0-301F-11D3-BF4B-00C04F79EFBC}") = "Invoice", "gdi\Invoice\Invoice.csproj", "{E9C26519-179F-4C57-9289-8FEA95472882}"
EndProject
Project("{FAE04EC0-301F-11D3-BF4B-00C04F79EFBC}") = "Invoice", "wpf\Invoice\Invoice.csproj", "{22CF698C-93D5-49CA-AF2A-3177C2DC31E3}"
EndProject
Project("{FAE04EC0-301F-11D3-BF4B-00C04F79EFBC}") = "MixMigraDocAndPdfSharp", "gdi\MixMigraDocAndPdfSharp\MixMigraDocAndPdfSharp.csproj", "{A9394927-0D21-4E9D-BEE4-ACF3CAF1E623}"
EndProject
Project("{FAE04EC0-301F-11D3-BF4B-00C04F79EFBC}") = "MixMigraDocAndPdfSharp", "wpf\MixMigraDocAndPdfSharp\MixMigraDocAndPdfSharp.csproj", "{5205E7D6-5CC4-42E6-9F4D-770CFFB4F4C2}"
EndProject
Project("{FAE04EC0-301F-11D3-BF4B-00C04F79EFBC}") = "DocumentViewer", "gdi\DocumentViewer\DocumentViewer.csproj", "{5F457B0A-8363-4304-8BE1-1492CB21FB1F}"
EndProject
Project("{FAE04EC0-301F-11D3-BF4B-00C04F79EFBC}") = "HelloWorld", "gdi\HelloWorld\HelloWorld.csproj", "{00645DF1-8C97-4886-9413-AF761F64CA55}"
EndProject
Project("{FAE04EC0-301F-11D3-BF4B-00C04F79EFBC}") = "HelloWorld", "wpf\HelloWorld\HelloWorld.csproj", "{23A198A7-60BA-4FBB-A438-532DD082E3B8}"
EndProject
Project("{FAE04EC0-301F-11D3-BF4B-00C04F79EFBC}") = "DocumentViewer", "wpf\DocumentViewer\DocumentViewer.csproj", "{D2448DEC-111D-4C55-9B0F-20601B4F1885}"
EndProject
Project("{FAE04EC0-301F-11D3-BF4B-00C04F79EFBC}") = "HelloMigraDoc", "core\HelloMigraDoc\HelloMigraDoc.csproj", "{BC28C89C-127A-4AFF-B833-3E03E7DDC207}"
EndProject
Project("{FAE04EC0-301F-11D3-BF4B-00C04F79EFBC}") = "Images", "core\Images\Images.csproj", "{CAA5C3F4-EA1C-41BE-A74A-762E208E2603}"
EndProject
Project("{FAE04EC0-301F-11D3-BF4B-00C04F79EFBC}") = "Invoice", "core\Invoice\Invoice.csproj", "{BC6EC125-4606-4A25-867C-4E9F7212E60D}"
EndProject
Project("{FAE04EC0-301F-11D3-BF4B-00C04F79EFBC}") = "MixMigraDocAndPdfSharp", "core\MixMigraDocAndPdfSharp\MixMigraDocAndPdfSharp.csproj", "{06F04B27-6155-4EB4-B940-3BD33D159093}"
EndProject
Project("{2150E333-8FDC-42A3-9474-1A3956D46DE8}") = "Solution Items", "Solution Items", "{AA0DF952-67AB-42F4-AA9D-1830F5672C8F}"
	ProjectSection(SolutionItems) = preProject
		!ReadMe.txt = !ReadMe.txt
	EndProjectSection
EndProject
Global
	GlobalSection(SolutionConfigurationPlatforms) = preSolution
		Debug|Any CPU = Debug|Any CPU
		Debug|ARM = Debug|ARM
		Debug|x64 = Debug|x64
		Debug|x86 = Debug|x86
		Release|Any CPU = Release|Any CPU
		Release|ARM = Release|ARM
		Release|x64 = Release|x64
		Release|x86 = Release|x86
	EndGlobalSection
	GlobalSection(ProjectConfigurationPlatforms) = postSolution
		{D1198246-E3B9-44A9-9274-33D830FF8C2C}.Debug|Any CPU.ActiveCfg = Debug|Any CPU
		{D1198246-E3B9-44A9-9274-33D830FF8C2C}.Debug|Any CPU.Build.0 = Debug|Any CPU
		{D1198246-E3B9-44A9-9274-33D830FF8C2C}.Debug|ARM.ActiveCfg = Debug|Any CPU
		{D1198246-E3B9-44A9-9274-33D830FF8C2C}.Debug|x64.ActiveCfg = Debug|Any CPU
		{D1198246-E3B9-44A9-9274-33D830FF8C2C}.Debug|x86.ActiveCfg = Debug|Any CPU
		{D1198246-E3B9-44A9-9274-33D830FF8C2C}.Release|Any CPU.ActiveCfg = Release|Any CPU
		{D1198246-E3B9-44A9-9274-33D830FF8C2C}.Release|Any CPU.Build.0 = Release|Any CPU
		{D1198246-E3B9-44A9-9274-33D830FF8C2C}.Release|ARM.ActiveCfg = Release|Any CPU
		{D1198246-E3B9-44A9-9274-33D830FF8C2C}.Release|x64.ActiveCfg = Release|Any CPU
		{D1198246-E3B9-44A9-9274-33D830FF8C2C}.Release|x86.ActiveCfg = Release|Any CPU
		{8533B853-07A5-43B0-8FC1-94E4164F465A}.Debug|Any CPU.ActiveCfg = Debug|Any CPU
		{8533B853-07A5-43B0-8FC1-94E4164F465A}.Debug|Any CPU.Build.0 = Debug|Any CPU
		{8533B853-07A5-43B0-8FC1-94E4164F465A}.Debug|ARM.ActiveCfg = Debug|Any CPU
		{8533B853-07A5-43B0-8FC1-94E4164F465A}.Debug|x64.ActiveCfg = Debug|Any CPU
		{8533B853-07A5-43B0-8FC1-94E4164F465A}.Debug|x86.ActiveCfg = Debug|Any CPU
		{8533B853-07A5-43B0-8FC1-94E4164F465A}.Release|Any CPU.ActiveCfg = Release|Any CPU
		{8533B853-07A5-43B0-8FC1-94E4164F465A}.Release|Any CPU.Build.0 = Release|Any CPU
		{8533B853-07A5-43B0-8FC1-94E4164F465A}.Release|ARM.ActiveCfg = Release|Any CPU
		{8533B853-07A5-43B0-8FC1-94E4164F465A}.Release|x64.ActiveCfg = Release|Any CPU
		{8533B853-07A5-43B0-8FC1-94E4164F465A}.Release|x86.ActiveCfg = Release|Any CPU
		{91F97FCC-F375-4900-B7E5-E90408BD7C72}.Debug|Any CPU.ActiveCfg = Debug|Any CPU
		{91F97FCC-F375-4900-B7E5-E90408BD7C72}.Debug|Any CPU.Build.0 = Debug|Any CPU
		{91F97FCC-F375-4900-B7E5-E90408BD7C72}.Debug|ARM.ActiveCfg = Debug|Any CPU
		{91F97FCC-F375-4900-B7E5-E90408BD7C72}.Debug|x64.ActiveCfg = Debug|Any CPU
		{91F97FCC-F375-4900-B7E5-E90408BD7C72}.Debug|x86.ActiveCfg = Debug|Any CPU
		{91F97FCC-F375-4900-B7E5-E90408BD7C72}.Release|Any CPU.ActiveCfg = Release|Any CPU
		{91F97FCC-F375-4900-B7E5-E90408BD7C72}.Release|Any CPU.Build.0 = Release|Any CPU
		{91F97FCC-F375-4900-B7E5-E90408BD7C72}.Release|ARM.ActiveCfg = Release|Any CPU
		{91F97FCC-F375-4900-B7E5-E90408BD7C72}.Release|x64.ActiveCfg = Release|Any CPU
		{91F97FCC-F375-4900-B7E5-E90408BD7C72}.Release|x86.ActiveCfg = Release|Any CPU
		{F374E8DB-67D8-4062-9884-AE4A1BF90369}.Debug|Any CPU.ActiveCfg = Debug|Any CPU
		{F374E8DB-67D8-4062-9884-AE4A1BF90369}.Debug|Any CPU.Build.0 = Debug|Any CPU
		{F374E8DB-67D8-4062-9884-AE4A1BF90369}.Debug|ARM.ActiveCfg = Debug|Any CPU
		{F374E8DB-67D8-4062-9884-AE4A1BF90369}.Debug|x64.ActiveCfg = Debug|Any CPU
		{F374E8DB-67D8-4062-9884-AE4A1BF90369}.Debug|x86.ActiveCfg = Debug|Any CPU
		{F374E8DB-67D8-4062-9884-AE4A1BF90369}.Release|Any CPU.ActiveCfg = Release|Any CPU
		{F374E8DB-67D8-4062-9884-AE4A1BF90369}.Release|Any CPU.Build.0 = Release|Any CPU
		{F374E8DB-67D8-4062-9884-AE4A1BF90369}.Release|ARM.ActiveCfg = Release|Any CPU
		{F374E8DB-67D8-4062-9884-AE4A1BF90369}.Release|x64.ActiveCfg = Release|Any CPU
		{F374E8DB-67D8-4062-9884-AE4A1BF90369}.Release|x86.ActiveCfg = Release|Any CPU
		{0ED93D01-2654-457E-B35E-4A9D4B85E37A}.Debug|Any CPU.ActiveCfg = Debug|Any CPU
		{0ED93D01-2654-457E-B35E-4A9D4B85E37A}.Debug|Any CPU.Build.0 = Debug|Any CPU
		{0ED93D01-2654-457E-B35E-4A9D4B85E37A}.Debug|ARM.ActiveCfg = Debug|Any CPU
		{0ED93D01-2654-457E-B35E-4A9D4B85E37A}.Debug|x64.ActiveCfg = Debug|Any CPU
		{0ED93D01-2654-457E-B35E-4A9D4B85E37A}.Debug|x86.ActiveCfg = Debug|Any CPU
		{0ED93D01-2654-457E-B35E-4A9D4B85E37A}.Release|Any CPU.ActiveCfg = Release|Any CPU
		{0ED93D01-2654-457E-B35E-4A9D4B85E37A}.Release|Any CPU.Build.0 = Release|Any CPU
		{0ED93D01-2654-457E-B35E-4A9D4B85E37A}.Release|ARM.ActiveCfg = Release|Any CPU
		{0ED93D01-2654-457E-B35E-4A9D4B85E37A}.Release|x64.ActiveCfg = Release|Any CPU
		{0ED93D01-2654-457E-B35E-4A9D4B85E37A}.Release|x86.ActiveCfg = Release|Any CPU
		{E9C26519-179F-4C57-9289-8FEA95472882}.Debug|Any CPU.ActiveCfg = Debug|Any CPU
		{E9C26519-179F-4C57-9289-8FEA95472882}.Debug|Any CPU.Build.0 = Debug|Any CPU
		{E9C26519-179F-4C57-9289-8FEA95472882}.Debug|ARM.ActiveCfg = Debug|Any CPU
		{E9C26519-179F-4C57-9289-8FEA95472882}.Debug|x64.ActiveCfg = Debug|Any CPU
		{E9C26519-179F-4C57-9289-8FEA95472882}.Debug|x86.ActiveCfg = Debug|Any CPU
		{E9C26519-179F-4C57-9289-8FEA95472882}.Release|Any CPU.ActiveCfg = Release|Any CPU
		{E9C26519-179F-4C57-9289-8FEA95472882}.Release|Any CPU.Build.0 = Release|Any CPU
		{E9C26519-179F-4C57-9289-8FEA95472882}.Release|ARM.ActiveCfg = Release|Any CPU
		{E9C26519-179F-4C57-9289-8FEA95472882}.Release|x64.ActiveCfg = Release|Any CPU
		{E9C26519-179F-4C57-9289-8FEA95472882}.Release|x86.ActiveCfg = Release|Any CPU
		{22CF698C-93D5-49CA-AF2A-3177C2DC31E3}.Debug|Any CPU.ActiveCfg = Debug|Any CPU
		{22CF698C-93D5-49CA-AF2A-3177C2DC31E3}.Debug|Any CPU.Build.0 = Debug|Any CPU
		{22CF698C-93D5-49CA-AF2A-3177C2DC31E3}.Debug|ARM.ActiveCfg = Debug|Any CPU
		{22CF698C-93D5-49CA-AF2A-3177C2DC31E3}.Debug|x64.ActiveCfg = Debug|Any CPU
		{22CF698C-93D5-49CA-AF2A-3177C2DC31E3}.Debug|x86.ActiveCfg = Debug|Any CPU
		{22CF698C-93D5-49CA-AF2A-3177C2DC31E3}.Release|Any CPU.ActiveCfg = Release|Any CPU
		{22CF698C-93D5-49CA-AF2A-3177C2DC31E3}.Release|Any CPU.Build.0 = Release|Any CPU
		{22CF698C-93D5-49CA-AF2A-3177C2DC31E3}.Release|ARM.ActiveCfg = Release|Any CPU
		{22CF698C-93D5-49CA-AF2A-3177C2DC31E3}.Release|x64.ActiveCfg = Release|Any CPU
		{22CF698C-93D5-49CA-AF2A-3177C2DC31E3}.Release|x86.ActiveCfg = Release|Any CPU
		{A9394927-0D21-4E9D-BEE4-ACF3CAF1E623}.Debug|Any CPU.ActiveCfg = Debug|Any CPU
		{A9394927-0D21-4E9D-BEE4-ACF3CAF1E623}.Debug|Any CPU.Build.0 = Debug|Any CPU
		{A9394927-0D21-4E9D-BEE4-ACF3CAF1E623}.Debug|ARM.ActiveCfg = Debug|Any CPU
		{A9394927-0D21-4E9D-BEE4-ACF3CAF1E623}.Debug|x64.ActiveCfg = Debug|Any CPU
		{A9394927-0D21-4E9D-BEE4-ACF3CAF1E623}.Debug|x86.ActiveCfg = Debug|Any CPU
		{A9394927-0D21-4E9D-BEE4-ACF3CAF1E623}.Release|Any CPU.ActiveCfg = Release|Any CPU
		{A9394927-0D21-4E9D-BEE4-ACF3CAF1E623}.Release|Any CPU.Build.0 = Release|Any CPU
		{A9394927-0D21-4E9D-BEE4-ACF3CAF1E623}.Release|ARM.ActiveCfg = Release|Any CPU
		{A9394927-0D21-4E9D-BEE4-ACF3CAF1E623}.Release|x64.ActiveCfg = Release|Any CPU
		{A9394927-0D21-4E9D-BEE4-ACF3CAF1E623}.Release|x86.ActiveCfg = Release|Any CPU
		{5205E7D6-5CC4-42E6-9F4D-770CFFB4F4C2}.Debug|Any CPU.ActiveCfg = Debug|Any CPU
		{5205E7D6-5CC4-42E6-9F4D-770CFFB4F4C2}.Debug|Any CPU.Build.0 = Debug|Any CPU
		{5205E7D6-5CC4-42E6-9F4D-770CFFB4F4C2}.Debug|ARM.ActiveCfg = Debug|Any CPU
		{5205E7D6-5CC4-42E6-9F4D-770CFFB4F4C2}.Debug|x64.ActiveCfg = Debug|Any CPU
		{5205E7D6-5CC4-42E6-9F4D-770CFFB4F4C2}.Debug|x86.ActiveCfg = Debug|Any CPU
		{5205E7D6-5CC4-42E6-9F4D-770CFFB4F4C2}.Release|Any CPU.ActiveCfg = Release|Any CPU
		{5205E7D6-5CC4-42E6-9F4D-770CFFB4F4C2}.Release|Any CPU.Build.0 = Release|Any CPU
		{5205E7D6-5CC4-42E6-9F4D-770CFFB4F4C2}.Release|ARM.ActiveCfg = Release|Any CPU
		{5205E7D6-5CC4-42E6-9F4D-770CFFB4F4C2}.Release|x64.ActiveCfg = Release|Any CPU
		{5205E7D6-5CC4-42E6-9F4D-770CFFB4F4C2}.Release|x86.ActiveCfg = Release|Any CPU
		{5F457B0A-8363-4304-8BE1-1492CB21FB1F}.Debug|Any CPU.ActiveCfg = Debug|Any CPU
		{5F457B0A-8363-4304-8BE1-1492CB21FB1F}.Debug|Any CPU.Build.0 = Debug|Any CPU
		{5F457B0A-8363-4304-8BE1-1492CB21FB1F}.Debug|ARM.ActiveCfg = Debug|Any CPU
		{5F457B0A-8363-4304-8BE1-1492CB21FB1F}.Debug|x64.ActiveCfg = Debug|Any CPU
		{5F457B0A-8363-4304-8BE1-1492CB21FB1F}.Debug|x86.ActiveCfg = Debug|Any CPU
		{5F457B0A-8363-4304-8BE1-1492CB21FB1F}.Release|Any CPU.ActiveCfg = Release|Any CPU
		{5F457B0A-8363-4304-8BE1-1492CB21FB1F}.Release|Any CPU.Build.0 = Release|Any CPU
		{5F457B0A-8363-4304-8BE1-1492CB21FB1F}.Release|ARM.ActiveCfg = Release|Any CPU
		{5F457B0A-8363-4304-8BE1-1492CB21FB1F}.Release|x64.ActiveCfg = Release|Any CPU
		{5F457B0A-8363-4304-8BE1-1492CB21FB1F}.Release|x86.ActiveCfg = Release|Any CPU
		{00645DF1-8C97-4886-9413-AF761F64CA55}.Debug|Any CPU.ActiveCfg = Debug|Any CPU
		{00645DF1-8C97-4886-9413-AF761F64CA55}.Debug|Any CPU.Build.0 = Debug|Any CPU
		{00645DF1-8C97-4886-9413-AF761F64CA55}.Debug|ARM.ActiveCfg = Debug|Any CPU
		{00645DF1-8C97-4886-9413-AF761F64CA55}.Debug|x64.ActiveCfg = Debug|Any CPU
		{00645DF1-8C97-4886-9413-AF761F64CA55}.Debug|x86.ActiveCfg = Debug|Any CPU
		{00645DF1-8C97-4886-9413-AF761F64CA55}.Release|Any CPU.ActiveCfg = Release|Any CPU
		{00645DF1-8C97-4886-9413-AF761F64CA55}.Release|Any CPU.Build.0 = Release|Any CPU
		{00645DF1-8C97-4886-9413-AF761F64CA55}.Release|ARM.ActiveCfg = Release|Any CPU
		{00645DF1-8C97-4886-9413-AF761F64CA55}.Release|x64.ActiveCfg = Release|Any CPU
		{00645DF1-8C97-4886-9413-AF761F64CA55}.Release|x86.ActiveCfg = Release|Any CPU
		{23A198A7-60BA-4FBB-A438-532DD082E3B8}.Debug|Any CPU.ActiveCfg = Debug|Any CPU
		{23A198A7-60BA-4FBB-A438-532DD082E3B8}.Debug|Any CPU.Build.0 = Debug|Any CPU
		{23A198A7-60BA-4FBB-A438-532DD082E3B8}.Debug|ARM.ActiveCfg = Debug|Any CPU
		{23A198A7-60BA-4FBB-A438-532DD082E3B8}.Debug|x64.ActiveCfg = Debug|Any CPU
		{23A198A7-60BA-4FBB-A438-532DD082E3B8}.Debug|x86.ActiveCfg = Debug|Any CPU
		{23A198A7-60BA-4FBB-A438-532DD082E3B8}.Release|Any CPU.ActiveCfg = Release|Any CPU
		{23A198A7-60BA-4FBB-A438-532DD082E3B8}.Release|Any CPU.Build.0 = Release|Any CPU
		{23A198A7-60BA-4FBB-A438-532DD082E3B8}.Release|ARM.ActiveCfg = Release|Any CPU
		{23A198A7-60BA-4FBB-A438-532DD082E3B8}.Release|x64.ActiveCfg = Release|Any CPU
		{23A198A7-60BA-4FBB-A438-532DD082E3B8}.Release|x86.ActiveCfg = Release|Any CPU
		{D2448DEC-111D-4C55-9B0F-20601B4F1885}.Debug|Any CPU.ActiveCfg = Debug|Any CPU
		{D2448DEC-111D-4C55-9B0F-20601B4F1885}.Debug|Any CPU.Build.0 = Debug|Any CPU
		{D2448DEC-111D-4C55-9B0F-20601B4F1885}.Debug|ARM.ActiveCfg = Debug|Any CPU
		{D2448DEC-111D-4C55-9B0F-20601B4F1885}.Debug|x64.ActiveCfg = Debug|Any CPU
		{D2448DEC-111D-4C55-9B0F-20601B4F1885}.Debug|x86.ActiveCfg = Debug|Any CPU
		{D2448DEC-111D-4C55-9B0F-20601B4F1885}.Release|Any CPU.ActiveCfg = Release|Any CPU
		{D2448DEC-111D-4C55-9B0F-20601B4F1885}.Release|Any CPU.Build.0 = Release|Any CPU
		{D2448DEC-111D-4C55-9B0F-20601B4F1885}.Release|ARM.ActiveCfg = Release|Any CPU
		{D2448DEC-111D-4C55-9B0F-20601B4F1885}.Release|x64.ActiveCfg = Release|Any CPU
		{D2448DEC-111D-4C55-9B0F-20601B4F1885}.Release|x86.ActiveCfg = Release|Any CPU
		{BC28C89C-127A-4AFF-B833-3E03E7DDC207}.Debug|Any CPU.ActiveCfg = Debug|Any CPU
		{BC28C89C-127A-4AFF-B833-3E03E7DDC207}.Debug|Any CPU.Build.0 = Debug|Any CPU
		{BC28C89C-127A-4AFF-B833-3E03E7DDC207}.Debug|ARM.ActiveCfg = Debug|Any CPU
		{BC28C89C-127A-4AFF-B833-3E03E7DDC207}.Debug|x64.ActiveCfg = Debug|Any CPU
		{BC28C89C-127A-4AFF-B833-3E03E7DDC207}.Debug|x86.ActiveCfg = Debug|Any CPU
		{BC28C89C-127A-4AFF-B833-3E03E7DDC207}.Release|Any CPU.ActiveCfg = Release|Any CPU
		{BC28C89C-127A-4AFF-B833-3E03E7DDC207}.Release|Any CPU.Build.0 = Release|Any CPU
		{BC28C89C-127A-4AFF-B833-3E03E7DDC207}.Release|ARM.ActiveCfg = Release|Any CPU
		{BC28C89C-127A-4AFF-B833-3E03E7DDC207}.Release|x64.ActiveCfg = Release|Any CPU
		{BC28C89C-127A-4AFF-B833-3E03E7DDC207}.Release|x86.ActiveCfg = Release|Any CPU
		{CAA5C3F4-EA1C-41BE-A74A-762E208E2603}.Debug|Any CPU.ActiveCfg = Debug|Any CPU
		{CAA5C3F4-EA1C-41BE-A74A-762E208E2603}.Debug|Any CPU.Build.0 = Debug|Any CPU
		{CAA5C3F4-EA1C-41BE-A74A-762E208E2603}.Debug|ARM.ActiveCfg = Debug|Any CPU
		{CAA5C3F4-EA1C-41BE-A74A-762E208E2603}.Debug|x64.ActiveCfg = Debug|Any CPU
		{CAA5C3F4-EA1C-41BE-A74A-762E208E2603}.Debug|x86.ActiveCfg = Debug|Any CPU
		{CAA5C3F4-EA1C-41BE-A74A-762E208E2603}.Release|Any CPU.ActiveCfg = Release|Any CPU
		{CAA5C3F4-EA1C-41BE-A74A-762E208E2603}.Release|Any CPU.Build.0 = Release|Any CPU
		{CAA5C3F4-EA1C-41BE-A74A-762E208E2603}.Release|ARM.ActiveCfg = Release|Any CPU
		{CAA5C3F4-EA1C-41BE-A74A-762E208E2603}.Release|x64.ActiveCfg = Release|Any CPU
		{CAA5C3F4-EA1C-41BE-A74A-762E208E2603}.Release|x86.ActiveCfg = Release|Any CPU
		{BC6EC125-4606-4A25-867C-4E9F7212E60D}.Debug|Any CPU.ActiveCfg = Debug|Any CPU
		{BC6EC125-4606-4A25-867C-4E9F7212E60D}.Debug|Any CPU.Build.0 = Debug|Any CPU
		{BC6EC125-4606-4A25-867C-4E9F7212E60D}.Debug|ARM.ActiveCfg = Debug|Any CPU
		{BC6EC125-4606-4A25-867C-4E9F7212E60D}.Debug|x64.ActiveCfg = Debug|Any CPU
		{BC6EC125-4606-4A25-867C-4E9F7212E60D}.Debug|x86.ActiveCfg = Debug|Any CPU
		{BC6EC125-4606-4A25-867C-4E9F7212E60D}.Release|Any CPU.ActiveCfg = Release|Any CPU
		{BC6EC125-4606-4A25-867C-4E9F7212E60D}.Release|Any CPU.Build.0 = Release|Any CPU
		{BC6EC125-4606-4A25-867C-4E9F7212E60D}.Release|ARM.ActiveCfg = Release|Any CPU
		{BC6EC125-4606-4A25-867C-4E9F7212E60D}.Release|x64.ActiveCfg = Release|Any CPU
		{BC6EC125-4606-4A25-867C-4E9F7212E60D}.Release|x86.ActiveCfg = Release|Any CPU
		{06F04B27-6155-4EB4-B940-3BD33D159093}.Debug|Any CPU.ActiveCfg = Debug|Any CPU
		{06F04B27-6155-4EB4-B940-3BD33D159093}.Debug|Any CPU.Build.0 = Debug|Any CPU
		{06F04B27-6155-4EB4-B940-3BD33D159093}.Debug|ARM.ActiveCfg = Debug|Any CPU
		{06F04B27-6155-4EB4-B940-3BD33D159093}.Debug|x64.ActiveCfg = Debug|Any CPU
		{06F04B27-6155-4EB4-B940-3BD33D159093}.Debug|x86.ActiveCfg = Debug|Any CPU
		{06F04B27-6155-4EB4-B940-3BD33D159093}.Release|Any CPU.ActiveCfg = Release|Any CPU
		{06F04B27-6155-4EB4-B940-3BD33D159093}.Release|Any CPU.Build.0 = Release|Any CPU
		{06F04B27-6155-4EB4-B940-3BD33D159093}.Release|ARM.ActiveCfg = Release|Any CPU
		{06F04B27-6155-4EB4-B940-3BD33D159093}.Release|x64.ActiveCfg = Release|Any CPU
		{06F04B27-6155-4EB4-B940-3BD33D159093}.Release|x86.ActiveCfg = Release|Any CPU
	EndGlobalSection
	GlobalSection(SolutionProperties) = preSolution
		HideSolutionNode = FALSE
	EndGlobalSection
	GlobalSection(NestedProjects) = preSolution
		{D1198246-E3B9-44A9-9274-33D830FF8C2C} = {2265D918-9CED-4E6A-A825-8A636355B012}
		{8533B853-07A5-43B0-8FC1-94E4164F465A} = {6E4BEED5-FBC1-4301-9B26-AFB21017166D}
		{91F97FCC-F375-4900-B7E5-E90408BD7C72} = {92AC1BBA-0A6F-410E-AC65-3D3A0EB5EFB6}
		{F374E8DB-67D8-4062-9884-AE4A1BF90369} = {6E4BEED5-FBC1-4301-9B26-AFB21017166D}
		{0ED93D01-2654-457E-B35E-4A9D4B85E37A} = {92AC1BBA-0A6F-410E-AC65-3D3A0EB5EFB6}
		{E9C26519-179F-4C57-9289-8FEA95472882} = {6E4BEED5-FBC1-4301-9B26-AFB21017166D}
		{22CF698C-93D5-49CA-AF2A-3177C2DC31E3} = {92AC1BBA-0A6F-410E-AC65-3D3A0EB5EFB6}
		{A9394927-0D21-4E9D-BEE4-ACF3CAF1E623} = {6E4BEED5-FBC1-4301-9B26-AFB21017166D}
		{5205E7D6-5CC4-42E6-9F4D-770CFFB4F4C2} = {92AC1BBA-0A6F-410E-AC65-3D3A0EB5EFB6}
		{5F457B0A-8363-4304-8BE1-1492CB21FB1F} = {6E4BEED5-FBC1-4301-9B26-AFB21017166D}
		{00645DF1-8C97-4886-9413-AF761F64CA55} = {6E4BEED5-FBC1-4301-9B26-AFB21017166D}
		{23A198A7-60BA-4FBB-A438-532DD082E3B8} = {92AC1BBA-0A6F-410E-AC65-3D3A0EB5EFB6}
		{D2448DEC-111D-4C55-9B0F-20601B4F1885} = {92AC1BBA-0A6F-410E-AC65-3D3A0EB5EFB6}
		{BC28C89C-127A-4AFF-B833-3E03E7DDC207} = {2265D918-9CED-4E6A-A825-8A636355B012}
		{CAA5C3F4-EA1C-41BE-A74A-762E208E2603} = {2265D918-9CED-4E6A-A825-8A636355B012}
		{BC6EC125-4606-4A25-867C-4E9F7212E60D} = {2265D918-9CED-4E6A-A825-8A636355B012}
		{06F04B27-6155-4EB4-B940-3BD33D159093} = {2265D918-9CED-4E6A-A825-8A636355B012}
	EndGlobalSection
EndGlobal
